Microsoft Visual Studio Solution File, Format Version 12.00
# Visual Studio Version 17
VisualStudioVersion = 17.5.2.0
MinimumVisualStudioVersion = 10.0.40219.1
Project("{FAE04EC0-301F-11D3-BF4B-00C04F79EFBC}") = "webapptest", "webapptest\webapptest.csproj", "{443CFFA4-6A4D-B51C-C436-2563FF788A9B}"
EndProject
Global
	GlobalSection(SolutionConfigurationPlatforms) = preSolution
		Debug|Any CPU = Debug|Any CPU
		Release|Any CPU = Release|Any CPU
	EndGlobalSection
	GlobalSection(ProjectConfigurationPlatforms) = postSolution
		{443CFFA4-6A4D-B51C-C436-2563FF788A9B}.Debug|Any CPU.ActiveCfg = Debug|Any CPU
		{443CFFA4-6A4D-B51C-C436-2563FF788A9B}.Debug|Any CPU.Build.0 = Debug|Any CPU
		{443CFFA4-6A4D-B51C-C436-2563FF788A9B}.Release|Any CPU.ActiveCfg = Release|Any CPU
		{443CFFA4-6A4D-B51C-C436-2563FF788A9B}.Release|Any CPU.Build.0 = Release|Any CPU
	EndGlobalSection
	GlobalSection(SolutionProperties) = preSolution
		HideSolutionNode = FALSE
	EndGlobalSection
	GlobalSection(ExtensibilityGlobals) = postSolution
		SolutionGuid = {C494B948-47E9-4F96-9D76-ABADE36F2C64}
	EndGlobalSection
EndGlobal
